// !$*UTF8*$!
{
	archiveVersion = 1;
	classes = {
	};
	objectVersion = 50;
	objects = {

/* Begin PBXBuildFile section */
		42F80EADA2D4298F698C8AA7 /* Pods_MultyGameProject.framework in Frameworks */ = {isa = PBXBuildFile; fileRef = ACAB78657A8BFC6E72FD3126 /* Pods_MultyGameProject.framework */; };
		B3154658267157090000C1B1 /* GoogleService-Info.plist in Resources */ = {isa = PBXBuildFile; fileRef = B3154657267157090000C1B1 /* GoogleService-Info.plist */; };
		B3DBFAA626514032007A3F57 /* AppDelegate.swift in Sources */ = {isa = PBXBuildFile; fileRef = B3DBFAA526514032007A3F57 /* AppDelegate.swift */; };
		B3DBFAA826514032007A3F57 /* SceneDelegate.swift in Sources */ = {isa = PBXBuildFile; fileRef = B3DBFAA726514032007A3F57 /* SceneDelegate.swift */; };
		B3DBFAAA26514032007A3F57 /* ViewController.swift in Sources */ = {isa = PBXBuildFile; fileRef = B3DBFAA926514032007A3F57 /* ViewController.swift */; };
		B3DBFAAD26514032007A3F57 /* Main.storyboard in Resources */ = {isa = PBXBuildFile; fileRef = B3DBFAAB26514032007A3F57 /* Main.storyboard */; };
		B3DBFAAF26514033007A3F57 /* Assets.xcassets in Resources */ = {isa = PBXBuildFile; fileRef = B3DBFAAE26514033007A3F57 /* Assets.xcassets */; };
		B3DBFAB226514033007A3F57 /* LaunchScreen.storyboard in Resources */ = {isa = PBXBuildFile; fileRef = B3DBFAB026514033007A3F57 /* LaunchScreen.storyboard */; };
/* End PBXBuildFile section */

/* Begin PBXFileReference section */
		903CAC1D3C8707E4AC17E38D /* Pods-MultyGameProject.release.xcconfig */ = {isa = PBXFileReference; includeInIndex = 1; lastKnownFileType = text.xcconfig; name = "Pods-MultyGameProject.release.xcconfig"; path = "Target Support Files/Pods-MultyGameProject/Pods-MultyGameProject.release.xcconfig"; sourceTree = "<group>"; };
		ACAB78657A8BFC6E72FD3126 /* Pods_MultyGameProject.framework */ = {isa = PBXFileReference; explicitFileType = wrapper.framework; includeInIndex = 0; path = Pods_MultyGameProject.framework; sourceTree = BUILT_PRODUCTS_DIR; };
		B3154657267157090000C1B1 /* GoogleService-Info.plist */ = {isa = PBXFileReference; fileEncoding = 4; lastKnownFileType = text.plist.xml; path = "GoogleService-Info.plist"; sourceTree = "<group>"; };
		B3DBFAA226514032007A3F57 /* MultyGameProject.app */ = {isa = PBXFileReference; explicitFileType = wrapper.application; includeInIndex = 0; path = MultyGameProject.app; sourceTree = BUILT_PRODUCTS_DIR; };
		B3DBFAA526514032007A3F57 /* AppDelegate.swift */ = {isa = PBXFileReference; lastKnownFileType = sourcecode.swift; path = AppDelegate.swift; sourceTree = "<group>"; };
		B3DBFAA726514032007A3F57 /* SceneDelegate.swift */ = {isa = PBXFileReference; lastKnownFileType = sourcecode.swift; path = SceneDelegate.swift; sourceTree = "<group>"; };
		B3DBFAA926514032007A3F57 /* ViewController.swift */ = {isa = PBXFileReference; lastKnownFileType = sourcecode.swift; path = ViewController.swift; sourceTree = "<group>"; };
		B3DBFAAC26514032007A3F57 /* Base */ = {isa = PBXFileReference; lastKnownFileType = file.storyboard; name = Base; path = Base.lproj/Main.storyboard; sourceTree = "<group>"; };
		B3DBFAAE26514033007A3F57 /* Assets.xcassets */ = {isa = PBXFileReference; lastKnownFileType = folder.assetcatalog; path = Assets.xcassets; sourceTree = "<group>"; };
		B3DBFAB126514033007A3F57 /* Base */ = {isa = PBXFileReference; lastKnownFileType = file.storyboard; name = Base; path = Base.lproj/LaunchScreen.storyboard; sourceTree = "<group>"; };
		B3DBFAB326514033007A3F57 /* Info.plist */ = {isa = PBXFileReference; lastKnownFileType = text.plist.xml; path = Info.plist; sourceTree = "<group>"; };
		EB4243C1F14F80B3C8584810 /* Pods-MultyGameProject.debug.xcconfig */ = {isa = PBXFileReference; includeInIndex = 1; lastKnownFileType = text.xcconfig; name = "Pods-MultyGameProject.debug.xcconfig"; path = "Target Support Files/Pods-MultyGameProject/Pods-MultyGameProject.debug.xcconfig"; sourceTree = "<group>"; };
/* End PBXFileReference section */

/* Begin PBXFrameworksBuildPhase section */
		B3DBFA9F26514032007A3F57 /* Frameworks */ = {
			isa = PBXFrameworksBuildPhase;
			buildActionMask = 2147483647;
			files = (
				42F80EADA2D4298F698C8AA7 /* Pods_MultyGameProject.framework in Frameworks */,
			);
			runOnlyForDeploymentPostprocessing = 0;
		};
/* End PBXFrameworksBuildPhase section */

/* Begin PBXGroup section */
		3CE2FC9A1F477A62A42C3856 /* Pods */ = {
			isa = PBXGroup;
			children = (
				EB4243C1F14F80B3C8584810 /* Pods-MultyGameProject.debug.xcconfig */,
				903CAC1D3C8707E4AC17E38D /* Pods-MultyGameProject.release.xcconfig */,
			);
			name = Pods;
			path = Pods;
			sourceTree = "<group>";
		};
		B3DBFA9926514032007A3F57 = {
			isa = PBXGroup;
			children = (
				B3DBFAA426514032007A3F57 /* MultyGameProject */,
				B3DBFAA326514032007A3F57 /* Products */,
				3CE2FC9A1F477A62A42C3856 /* Pods */,
				D695D6DF9B5DE20BA0016771 /* Frameworks */,
			);
			sourceTree = "<group>";
		};
		B3DBFAA326514032007A3F57 /* Products */ = {
			isa = PBXGroup;
			children = (
				B3DBFAA226514032007A3F57 /* MultyGameProject.app */,
			);
			name = Products;
			sourceTree = "<group>";
		};
		B3DBFAA426514032007A3F57 /* MultyGameProject */ = {
			isa = PBXGroup;
			children = (
				B3DBFAA526514032007A3F57 /* AppDelegate.swift */,
				B3DBFAA726514032007A3F57 /* SceneDelegate.swift */,
				B3DBFAA926514032007A3F57 /* ViewController.swift */,
				B3DBFAAB26514032007A3F57 /* Main.storyboard */,
				B3DBFAAE26514033007A3F57 /* Assets.xcassets */,
				B3DBFAB026514033007A3F57 /* LaunchScreen.storyboard */,
				B3DBFAB326514033007A3F57 /* Info.plist */,
				B3154657267157090000C1B1 /* GoogleService-Info.plist */,
			);
			path = MultyGameProject;
			sourceTree = "<group>";
		};
		D695D6DF9B5DE20BA0016771 /* Frameworks */ = {
			isa = PBXGroup;
			children = (
				ACAB78657A8BFC6E72FD3126 /* Pods_MultyGameProject.framework */,
			);
			name = Frameworks;
			sourceTree = "<group>";
		};
/* End PBXGroup section */

/* Begin PBXNativeTarget section */
		B3DBFAA126514032007A3F57 /* MultyGameProject */ = {
			isa = PBXNativeTarget;
			buildConfigurationList = B3DBFAB626514033007A3F57 /* Build configuration list for PBXNativeTarget "MultyGameProject" */;
			buildPhases = (
				DBE5D12CE3DF54516CA73593 /* [CP] Check Pods Manifest.lock */,
				B3DBFA9E26514032007A3F57 /* Sources */,
				B3DBFA9F26514032007A3F57 /* Frameworks */,
				B3DBFAA026514032007A3F57 /* Resources */,
				02B7541D583665E3400A1311 /* [CP] Embed Pods Frameworks */,
			);
			buildRules = (
			);
			dependencies = (
			);
			name = MultyGameProject;
			productName = MultyGameProject;
			productReference = B3DBFAA226514032007A3F57 /* MultyGameProject.app */;
			productType = "com.apple.product-type.application";
		};
/* End PBXNativeTarget section */

/* Begin PBXProject section */
		B3DBFA9A26514032007A3F57 /* Project object */ = {
			isa = PBXProject;
			attributes = {
				LastSwiftUpdateCheck = 1250;
				LastUpgradeCheck = 1250;
				TargetAttributes = {
					B3DBFAA126514032007A3F57 = {
						CreatedOnToolsVersion = 12.5;
					};
				};
			};
			buildConfigurationList = B3DBFA9D26514032007A3F57 /* Build configuration list for PBXProject "MultyGameProject" */;
			compatibilityVersion = "Xcode 9.3";
			developmentRegion = en;
			hasScannedForEncodings = 0;
			knownRegions = (
				en,
				Base,
			);
			mainGroup = B3DBFA9926514032007A3F57;
			productRefGroup = B3DBFAA326514032007A3F57 /* Products */;
			projectDirPath = "";
			projectRoot = "";
			targets = (
				B3DBFAA126514032007A3F57 /* MultyGameProject */,
			);
		};
/* End PBXProject section */

/* Begin PBXResourcesBuildPhase section */
		B3DBFAA026514032007A3F57 /* Resources */ = {
			isa = PBXResourcesBuildPhase;
			buildActionMask = 2147483647;
			files = (
				B3DBFAB226514033007A3F57 /* LaunchScreen.storyboard in Resources */,
				B3154658267157090000C1B1 /* GoogleService-Info.plist in Resources */,
				B3DBFAAF26514033007A3F57 /* Assets.xcassets in Resources */,
				B3DBFAAD26514032007A3F57 /* Main.storyboard in Resources */,
			);
			runOnlyForDeploymentPostprocessing = 0;
		};
/* End PBXResourcesBuildPhase section */

/* Begin PBXShellScriptBuildPhase section */
		02B7541D583665E3400A1311 /* [CP] Embed Pods Frameworks */ = {
			isa = PBXShellScriptBuildPhase;
			buildActionMask = 2147483647;
			files = (
			);
			inputFileListPaths = (
				"${PODS_ROOT}/Target Support Files/Pods-MultyGameProject/Pods-MultyGameProject-frameworks-${CONFIGURATION}-input-files.xcfilelist",
			);
			name = "[CP] Embed Pods Frameworks";
			outputFileListPaths = (
				"${PODS_ROOT}/Target Support Files/Pods-MultyGameProject/Pods-MultyGameProject-frameworks-${CONFIGURATION}-output-files.xcfilelist",
			);
			runOnlyForDeploymentPostprocessing = 0;
			shellPath = /bin/sh;
			shellScript = "\"${PODS_ROOT}/Target Support Files/Pods-MultyGameProject/Pods-MultyGameProject-frameworks.sh\"\n";
			showEnvVarsInLog = 0;
		};
		DBE5D12CE3DF54516CA73593 /* [CP] Check Pods Manifest.lock */ = {
			isa = PBXShellScriptBuildPhase;
			buildActionMask = 2147483647;
			files = (
			);
			inputFileListPaths = (
			);
			inputPaths = (
				"${PODS_PODFILE_DIR_PATH}/Podfile.lock",
				"${PODS_ROOT}/Manifest.lock",
			);
			name = "[CP] Check Pods Manifest.lock";
			outputFileListPaths = (
			);
			outputPaths = (
				"$(DERIVED_FILE_DIR)/Pods-MultyGameProject-checkManifestLockResult.txt",
			);
			runOnlyForDeploymentPostprocessing = 0;
			shellPath = /bin/sh;
			shellScript = "diff \"${PODS_PODFILE_DIR_PATH}/Podfile.lock\" \"${PODS_ROOT}/Manifest.lock\" > /dev/null\nif [ $? != 0 ] ; then\n    # print error to STDERR\n    echo \"error: The sandbox is not in sync with the Podfile.lock. Run 'pod install' or update your CocoaPods installation.\" >&2\n    exit 1\nfi\n# This output is used by Xcode 'outputs' to avoid re-running this script phase.\necho \"SUCCESS\" > \"${SCRIPT_OUTPUT_FILE_0}\"\n";
			showEnvVarsInLog = 0;
		};
/* End PBXShellScriptBuildPhase section */

/* Begin PBXSourcesBuildPhase section */
		B3DBFA9E26514032007A3F57 /* Sources */ = {
			isa = PBXSourcesBuildPhase;
			buildActionMask = 2147483647;
			files = (
				B3DBFAAA26514032007A3F57 /* ViewController.swift in Sources */,
				B3DBFAA626514032007A3F57 /* AppDelegate.swift in Sources */,
				B3DBFAA826514032007A3F57 /* SceneDelegate.swift in Sources */,
			);
			runOnlyForDeploymentPostprocessing = 0;
		};
/* End PBXSourcesBuildPhase section */

/* Begin PBXVariantGroup section */
		B3DBFAAB26514032007A3F57 /* Main.storyboard */ = {
			isa = PBXVariantGroup;
			children = (
				B3DBFAAC26514032007A3F57 /* Base */,
			);
			name = Main.storyboard;
			sourceTree = "<group>";
		};
		B3DBFAB026514033007A3F57 /* LaunchScreen.storyboard */ = {
			isa = PBXVariantGroup;
			children = (
				B3DBFAB126514033007A3F57 /* Base */,
			);
			name = LaunchScreen.storyboard;
			sourceTree = "<group>";
		};
/* End PBXVariantGroup section */

/* Begin XCBuildConfiguration section */
		B3DBFAB426514033007A3F57 /* Debug */ = {
			isa = XCBuildConfiguration;
			buildSettings = {
				ALWAYS_SEARCH_USER_PATHS = NO;
				CLANG_ANALYZER_NONNULL = YES;
				CLANG_ANALYZER_NUMBER_OBJECT_CONVERSION = YES_AGGRESSIVE;
				CLANG_CXX_LANGUAGE_STANDARD = "gnu++14";
				CLANG_CXX_LIBRARY = "libc++";
				CLANG_ENABLE_MODULES = YES;
				CLANG_ENABLE_OBJC_ARC = YES;
				CLANG_ENABLE_OBJC_WEAK = YES;
				CLANG_WARN_BLOCK_CAPTURE_AUTORELEASING = YES;
				CLANG_WARN_BOOL_CONVERSION = YES;
				CLANG_WARN_COMMA = YES;
				CLANG_WARN_CONSTANT_CONVERSION = YES;
				CLANG_WARN_DEPRECATED_OBJC_IMPLEMENTATIONS = YES;
				CLANG_WARN_DIRECT_OBJC_ISA_USAGE = YES_ERROR;
				CLANG_WARN_DOCUMENTATION_COMMENTS = YES;
				CLANG_WARN_EMPTY_BODY = YES;
				CLANG_WARN_ENUM_CONVERSION = YES;
				CLANG_WARN_INFINITE_RECURSION = YES;
				CLANG_WARN_INT_CONVERSION = YES;
				CLANG_WARN_NON_LITERAL_NULL_CONVERSION = YES;
				CLANG_WARN_OBJC_IMPLICIT_RETAIN_SELF = YES;
				CLANG_WARN_OBJC_LITERAL_CONVERSION = YES;
				CLANG_WARN_OBJC_ROOT_CLASS = YES_ERROR;
				CLANG_WARN_QUOTED_INCLUDE_IN_FRAMEWORK_HEADER = YES;
				CLANG_WARN_RANGE_LOOP_ANALYSIS = YES;
				CLANG_WARN_STRICT_PROTOTYPES = YES;
				CLANG_WARN_SUSPICIOUS_MOVE = YES;
				CLANG_WARN_UNGUARDED_AVAILABILITY = YES_AGGRESSIVE;
				CLANG_WARN_UNREACHABLE_CODE = YES;
				CLANG_WARN__DUPLICATE_METHOD_MATCH = YES;
				COPY_PHASE_STRIP = NO;
				DEBUG_INFORMATION_FORMAT = dwarf;
				ENABLE_STRICT_OBJC_MSGSEND = YES;
				ENABLE_TESTABILITY = YES;
				GCC_C_LANGUAGE_STANDARD = gnu11;
				GCC_DYNAMIC_NO_PIC = NO;
				GCC_NO_COMMON_BLOCKS = YES;
				GCC_OPTIMIZATION_LEVEL = 0;
				GCC_PREPROCESSOR_DEFINITIONS = (
					"DEBUG=1",
					"$(inherited)",
				);
				GCC_WARN_64_TO_32_BIT_CONVERSION = YES;
				GCC_WARN_ABOUT_RETURN_TYPE = YES_ERROR;
				GCC_WARN_UNDECLARED_SELECTOR = YES;
				GCC_WARN_UNINITIALIZED_AUTOS = YES_AGGRESSIVE;
				GCC_WARN_UNUSED_FUNCTION = YES;
				GCC_WARN_UNUSED_VARIABLE = YES;
				IPHONEOS_DEPLOYMENT_TARGET = 14.5;
				MTL_ENABLE_DEBUG_INFO = INCLUDE_SOURCE;
				MTL_FAST_MATH = YES;
				ONLY_ACTIVE_ARCH = YES;
				SDKROOT = iphoneos;
				SWIFT_ACTIVE_COMPILATION_CONDITIONS = DEBUG;
				SWIFT_OPTIMIZATION_LEVEL = "-Onone";
			};
			name = Debug;
		};
		B3DBFAB526514033007A3F57 /* Release */ = {
			isa = XCBuildConfiguration;
			buildSettings = {
				ALWAYS_SEARCH_USER_PATHS = NO;
				CLANG_ANALYZER_NONNULL = YES;
				CLANG_ANALYZER_NUMBER_OBJECT_CONVERSION = YES_AGGRESSIVE;
				CLANG_CXX_LANGUAGE_STANDARD = "gnu++14";
				CLANG_CXX_LIBRARY = "libc++";
				CLANG_ENABLE_MODULES = YES;
				CLANG_ENABLE_OBJC_ARC = YES;
				CLANG_ENABLE_OBJC_WEAK = YES;
				CLANG_WARN_BLOCK_CAPTURE_AUTORELEASING = YES;
				CLANG_WARN_BOOL_CONVERSION = YES;
				CLANG_WARN_COMMA = YES;
				CLANG_WARN_CONSTANT_CONVERSION = YES;
				CLANG_WARN_DEPRECATED_OBJC_IMPLEMENTATIONS = YES;
				CLANG_WARN_DIRECT_OBJC_ISA_USAGE = YES_ERROR;
				CLANG_WARN_DOCUMENTATION_COMMENTS = YES;
				CLANG_WARN_EMPTY_BODY = YES;
				CLANG_WARN_ENUM_CONVERSION = YES;
				CLANG_WARN_INFINITE_RECURSION = YES;
				CLANG_WARN_INT_CONVERSION = YES;
				CLANG_WARN_NON_LITERAL_NULL_CONVERSION = YES;
				CLANG_WARN_OBJC_IMPLICIT_RETAIN_SELF = YES;
				CLANG_WARN_OBJC_LITERAL_CONVERSION = YES;
				CLANG_WARN_OBJC_ROOT_CLASS = YES_ERROR;
				CLANG_WARN_QUOTED_INCLUDE_IN_FRAMEWORK_HEADER = YES;
				CLANG_WARN_RANGE_LOOP_ANALYSIS = YES;
				CLANG_WARN_STRICT_PROTOTYPES = YES;
				CLANG_WARN_SUSPICIOUS_MOVE = YES;
				CLANG_WARN_UNGUARDED_AVAILABILITY = YES_AGGRESSIVE;
				CLANG_WARN_UNREACHABLE_CODE = YES;
				CLANG_WARN__DUPLICATE_METHOD_MATCH = YES;
				COPY_PHASE_STRIP = NO;
				DEBUG_INFORMATION_FORMAT = "dwarf-with-dsym";
				ENABLE_NS_ASSERTIONS = NO;
				ENABLE_STRICT_OBJC_MSGSEND = YES;
				GCC_C_LANGUAGE_STANDARD = gnu11;
				GCC_NO_COMMON_BLOCKS = YES;
				GCC_WARN_64_TO_32_BIT_CONVERSION = YES;
				GCC_WARN_ABOUT_RETURN_TYPE = YES_ERROR;
				GCC_WARN_UNDECLARED_SELECTOR = YES;
				GCC_WARN_UNINITIALIZED_AUTOS = YES_AGGRESSIVE;
				GCC_WARN_UNUSED_FUNCTION = YES;
				GCC_WARN_UNUSED_VARIABLE = YES;
				IPHONEOS_DEPLOYMENT_TARGET = 14.5;
				MTL_ENABLE_DEBUG_INFO = NO;
				MTL_FAST_MATH = YES;
				SDKROOT = iphoneos;
				SWIFT_COMPILATION_MODE = wholemodule;
				SWIFT_OPTIMIZATION_LEVEL = "-O";
				VALIDATE_PRODUCT = YES;
			};
			name = Release;
		};
		B3DBFAB726514033007A3F57 /* Debug */ = {
			isa = XCBuildConfiguration;
			baseConfigurationReference = EB4243C1F14F80B3C8584810 /* Pods-MultyGameProject.debug.xcconfig */;
			buildSettings = {
				ASSETCATALOG_COMPILER_APPICON_NAME = AppIcon;
				ASSETCATALOG_COMPILER_GLOBAL_ACCENT_COLOR_NAME = AccentColor;
				CODE_SIGN_STYLE = Automatic;
				DEVELOPMENT_TEAM = AG427546SV;
				INFOPLIST_FILE = MultyGameProject/Info.plist;
				LD_RUNPATH_SEARCH_PATHS = (
					"$(inherited)",
					"@executable_path/Frameworks",
				);
				PRODUCT_BUNDLE_IDENTIFIER = com.MultyGame.MultyGameProject;
				PRODUCT_NAME = "$(TARGET_NAME)";
				SWIFT_VERSION = 5.0;
				TARGETED_DEVICE_FAMILY = "1,2";
			};
			name = Debug;
		};
		B3DBFAB826514033007A3F57 /* Release */ = {
			isa = XCBuildConfiguration;
			baseConfigurationReference = 903CAC1D3C8707E4AC17E38D /* Pods-MultyGameProject.release.xcconfig */;
			buildSettings = {
				ASSETCATALOG_COMPILER_APPICON_NAME = AppIcon;
				ASSETCATALOG_COMPILER_GLOBAL_ACCENT_COLOR_NAME = AccentColor;
				CODE_SIGN_STYLE = Automatic;
				DEVELOPMENT_TEAM = AG427546SV;
				INFOPLIST_FILE = MultyGameProject/Info.plist;
				LD_RUNPATH_SEARCH_PATHS = (
					"$(inherited)",
					"@executable_path/Frameworks",
				);
				PRODUCT_BUNDLE_IDENTIFIER = com.MultyGame.MultyGameProject;
				PRODUCT_NAME = "$(TARGET_NAME)";
				SWIFT_VERSION = 5.0;
				TARGETED_DEVICE_FAMILY = "1,2";
			};
			name = Release;
		};
/* End XCBuildConfiguration section */

/* Begin XCConfigurationList section */
		B3DBFA9D26514032007A3F57 /* Build configuration list for PBXProject "MultyGameProject" */ = {
			isa = XCConfigurationList;
			buildConfigurations = (
				B3DBFAB426514033007A3F57 /* Debug */,
				B3DBFAB526514033007A3F57 /* Release */,
			);
			defaultConfigurationIsVisible = 0;
			defaultConfigurationName = Release;
		};
		B3DBFAB626514033007A3F57 /* Build configuration list for PBXNativeTarget "MultyGameProject" */ = {
			isa = XCConfigurationList;
			buildConfigurations = (
				B3DBFAB726514033007A3F57 /* Debug */,
				B3DBFAB826514033007A3F57 /* Release */,
			);
			defaultConfigurationIsVisible = 0;
			defaultConfigurationName = Release;
		};
/* End XCConfigurationList section */
	};
	rootObject = B3DBFA9A26514032007A3F57 /* Project object */;
}
